
Microsoft Visual Studio Solution File, Format Version 12.00
# Visual Studio 15
VisualStudioVersion = 15.0.27004.2006
MinimumVisualStudioVersion = 10.0.40219.1
Project("{FAE04EC0-301F-11D3-BF4B-00C04F79EFBC}") = "NUCode", "NUCode\NUCode.csproj", "{4D9379BA-1A68-4C91-841D-CC080230CCE9}"
EndProject
Project("{FAE04EC0-301F-11D3-BF4B-00C04F79EFBC}") = "NUCode.Tests", "NUCode.Tests\NUCode.Tests.csproj", "{CC789589-3358-4120-86FB-60A8AC7B44A9}"
EndProject
Project("{FAE04EC0-301F-11D3-BF4B-00C04F79EFBC}") = "TaskService", "TaskService\TaskService.csproj", "{037A5DE3-B696-43A7-B6E3-162555BE76B3}"
EndProject
Project("{FAE04EC0-301F-11D3-BF4B-00C04F79EFBC}") = "TaskDAL", "TaskModelDAL\TaskDAL.csproj", "{1A09AE5A-F918-4A2F-BA0D-862458519ABB}"
EndProject
Global
	GlobalSection(SolutionConfigurationPlatforms) = preSolution
		Debug|Any CPU = Debug|Any CPU
		Release|Any CPU = Release|Any CPU
	EndGlobalSection
	GlobalSection(ProjectConfigurationPlatforms) = postSolution
		{4D9379BA-1A68-4C91-841D-CC080230CCE9}.Debug|Any CPU.ActiveCfg = Debug|Any CPU
		{4D9379BA-1A68-4C91-841D-CC080230CCE9}.Debug|Any CPU.Build.0 = Debug|Any CPU
		{4D9379BA-1A68-4C91-841D-CC080230CCE9}.Release|Any CPU.ActiveCfg = Release|Any CPU
		{4D9379BA-1A68-4C91-841D-CC080230CCE9}.Release|Any CPU.Build.0 = Release|Any CPU
		{CC789589-3358-4120-86FB-60A8AC7B44A9}.Debug|Any CPU.ActiveCfg = Debug|Any CPU
		{CC789589-3358-4120-86FB-60A8AC7B44A9}.Debug|Any CPU.Build.0 = Debug|Any CPU
		{CC789589-3358-4120-86FB-60A8AC7B44A9}.Release|Any CPU.ActiveCfg = Release|Any CPU
		{CC789589-3358-4120-86FB-60A8AC7B44A9}.Release|Any CPU.Build.0 = Release|Any CPU
		{037A5DE3-B696-43A7-B6E3-162555BE76B3}.Debug|Any CPU.ActiveCfg = Debug|Any CPU
		{037A5DE3-B696-43A7-B6E3-162555BE76B3}.Debug|Any CPU.Build.0 = Debug|Any CPU
		{037A5DE3-B696-43A7-B6E3-162555BE76B3}.Release|Any CPU.ActiveCfg = Release|Any CPU
		{037A5DE3-B696-43A7-B6E3-162555BE76B3}.Release|Any CPU.Build.0 = Release|Any CPU
		{1A09AE5A-F918-4A2F-BA0D-862458519ABB}.Debug|Any CPU.ActiveCfg = Debug|Any CPU
		{1A09AE5A-F918-4A2F-BA0D-862458519ABB}.Debug|Any CPU.Build.0 = Debug|Any CPU
		{1A09AE5A-F918-4A2F-BA0D-862458519ABB}.Release|Any CPU.ActiveCfg = Release|Any CPU
		{1A09AE5A-F918-4A2F-BA0D-862458519ABB}.Release|Any CPU.Build.0 = Release|Any CPU
	EndGlobalSection
	GlobalSection(SolutionProperties) = preSolution
		HideSolutionNode = FALSE
	EndGlobalSection
	GlobalSection(ExtensibilityGlobals) = postSolution
		SolutionGuid = {6F503C3F-466E-4798-AE58-43FCA8214A59}
	EndGlobalSection
EndGlobal
